// !$*UTF8*$!
{
	archiveVersion = 1;
	classes = {
	};
	objectVersion = 50;
	objects = {

/* Begin PBXBuildFile section */
		BC35CFD2228F211B0043922D /* AppDelegate.swift in Sources */ = {isa = PBXBuildFile; fileRef = BC35CFD1228F211B0043922D /* AppDelegate.swift */; };
		BC35CFE5228F214C0043922D /* Splash.storyboard in Resources */ = {isa = PBXBuildFile; fileRef = BC35CFE3228F214C0043922D /* Splash.storyboard */; };
		BC35CFE6228F214C0043922D /* Main.storyboard in Resources */ = {isa = PBXBuildFile; fileRef = BC35CFE4228F214C0043922D /* Main.storyboard */; };
		BC35CFE8228F21630043922D /* Assets.xcassets in Resources */ = {isa = PBXBuildFile; fileRef = BC35CFE7228F21630043922D /* Assets.xcassets */; };
		BC35CFEB228F21810043922D /* Animal.swift in Sources */ = {isa = PBXBuildFile; fileRef = BC35CFE9228F21810043922D /* Animal.swift */; };
		BC35CFEC228F21810043922D /* Contact.swift in Sources */ = {isa = PBXBuildFile; fileRef = BC35CFEA228F21810043922D /* Contact.swift */; };
		BC35CFF0228F21980043922D /* TableViewCell_Animal.swift in Sources */ = {isa = PBXBuildFile; fileRef = BC35CFEE228F21970043922D /* TableViewCell_Animal.swift */; };
		BC35CFF1228F21980043922D /* TableViewCell_Contact.swift in Sources */ = {isa = PBXBuildFile; fileRef = BC35CFEF228F21980043922D /* TableViewCell_Contact.swift */; };
		BC35CFF4228F219E0043922D /* TextField_Date.swift in Sources */ = {isa = PBXBuildFile; fileRef = BC35CFF2228F219E0043922D /* TextField_Date.swift */; };
		BC35CFF5228F219E0043922D /* TextField_Time.swift in Sources */ = {isa = PBXBuildFile; fileRef = BC35CFF3228F219E0043922D /* TextField_Time.swift */; };
		BC35CFFA228F21A60043922D /* DetailViewController_Contact.swift in Sources */ = {isa = PBXBuildFile; fileRef = BC35CFF6228F21A50043922D /* DetailViewController_Contact.swift */; };
		BC35CFFB228F21A60043922D /* TableViewController_Animal.swift in Sources */ = {isa = PBXBuildFile; fileRef = BC35CFF7228F21A50043922D /* TableViewController_Animal.swift */; };
		BC35CFFC228F21A60043922D /* TableViewController_Contact.swift in Sources */ = {isa = PBXBuildFile; fileRef = BC35CFF8228F21A50043922D /* TableViewController_Contact.swift */; };
		BC35CFFD228F21A60043922D /* DetailViewController_Animal.swift in Sources */ = {isa = PBXBuildFile; fileRef = BC35CFF9228F21A60043922D /* DetailViewController_Animal.swift */; };
		BC35CFFF228F21B10043922D /* Default-568h@2x.png in Resources */ = {isa = PBXBuildFile; fileRef = BC35CFFE228F21B10043922D /* Default-568h@2x.png */; };
		BC35D001228F21B90043922D /* IconInfo.rtf in Resources */ = {isa = PBXBuildFile; fileRef = BC35D000228F21B80043922D /* IconInfo.rtf */; };
		BC66777B228F23B6003B45D3 /* GoogleService-Info.plist in Resources */ = {isa = PBXBuildFile; fileRef = BC66777A228F23B6003B45D3 /* GoogleService-Info.plist */; };
		E40E323DCB5F7FADCA4FD832 /* Pods_BOBP.framework in Frameworks */ = {isa = PBXBuildFile; fileRef = 5F05BBD01997D347314036EF /* Pods_BOBP.framework */; };
/* End PBXBuildFile section */

/* Begin PBXFileReference section */
		1CDD992FC3CDB5E96E61994C /* Pods-BOBP.release.xcconfig */ = {isa = PBXFileReference; includeInIndex = 1; lastKnownFileType = text.xcconfig; name = "Pods-BOBP.release.xcconfig"; path = "Target Support Files/Pods-BOBP/Pods-BOBP.release.xcconfig"; sourceTree = "<group>"; };
		5F05BBD01997D347314036EF /* Pods_BOBP.framework */ = {isa = PBXFileReference; explicitFileType = wrapper.framework; includeInIndex = 0; path = Pods_BOBP.framework; sourceTree = BUILT_PRODUCTS_DIR; };
		88908C3C5576E9C89BEC0B20 /* Pods-BOBP.debug.xcconfig */ = {isa = PBXFileReference; includeInIndex = 1; lastKnownFileType = text.xcconfig; name = "Pods-BOBP.debug.xcconfig"; path = "Target Support Files/Pods-BOBP/Pods-BOBP.debug.xcconfig"; sourceTree = "<group>"; };
		BC35CFCE228F211B0043922D /* BOBP.app */ = {isa = PBXFileReference; explicitFileType = wrapper.application; includeInIndex = 0; path = BOBP.app; sourceTree = BUILT_PRODUCTS_DIR; };
		BC35CFD1228F211B0043922D /* AppDelegate.swift */ = {isa = PBXFileReference; lastKnownFileType = sourcecode.swift; path = AppDelegate.swift; sourceTree = "<group>"; };
		BC35CFDD228F211D0043922D /* Info.plist */ = {isa = PBXFileReference; lastKnownFileType = text.plist.xml; path = Info.plist; sourceTree = "<group>"; };
		BC35CFE3228F214C0043922D /* Splash.storyboard */ = {isa = PBXFileReference; fileEncoding = 4; lastKnownFileType = file.storyboard; path = Splash.storyboard; sourceTree = "<group>"; };
		BC35CFE4228F214C0043922D /* Main.storyboard */ = {isa = PBXFileReference; fileEncoding = 4; lastKnownFileType = file.storyboard; path = Main.storyboard; sourceTree = "<group>"; };
		BC35CFE7228F21630043922D /* Assets.xcassets */ = {isa = PBXFileReference; lastKnownFileType = folder.assetcatalog; path = Assets.xcassets; sourceTree = "<group>"; };
		BC35CFE9228F21810043922D /* Animal.swift */ = {isa = PBXFileReference; fileEncoding = 4; lastKnownFileType = sourcecode.swift; path = Animal.swift; sourceTree = "<group>"; };
		BC35CFEA228F21810043922D /* Contact.swift */ = {isa = PBXFileReference; fileEncoding = 4; lastKnownFileType = sourcecode.swift; path = Contact.swift; sourceTree = "<group>"; };
		BC35CFEE228F21970043922D /* TableViewCell_Animal.swift */ = {isa = PBXFileReference; fileEncoding = 4; lastKnownFileType = sourcecode.swift; path = TableViewCell_Animal.swift; sourceTree = "<group>"; };
		BC35CFEF228F21980043922D /* TableViewCell_Contact.swift */ = {isa = PBXFileReference; fileEncoding = 4; lastKnownFileType = sourcecode.swift; path = TableViewCell_Contact.swift; sourceTree = "<group>"; };
		BC35CFF2228F219E0043922D /* TextField_Date.swift */ = {isa = PBXFileReference; fileEncoding = 4; lastKnownFileType = sourcecode.swift; path = TextField_Date.swift; sourceTree = "<group>"; };
		BC35CFF3228F219E0043922D /* TextField_Time.swift */ = {isa = PBXFileReference; fileEncoding = 4; lastKnownFileType = sourcecode.swift; path = TextField_Time.swift; sourceTree = "<group>"; };
		BC35CFF6228F21A50043922D /* DetailViewController_Contact.swift */ = {isa = PBXFileReference; fileEncoding = 4; lastKnownFileType = sourcecode.swift; path = DetailViewController_Contact.swift; sourceTree = "<group>"; };
		BC35CFF7228F21A50043922D /* TableViewController_Animal.swift */ = {isa = PBXFileReference; fileEncoding = 4; lastKnownFileType = sourcecode.swift; path = TableViewController_Animal.swift; sourceTree = "<group>"; };
		BC35CFF8228F21A50043922D /* TableViewController_Contact.swift */ = {isa = PBXFileReference; fileEncoding = 4; lastKnownFileType = sourcecode.swift; path = TableViewController_Contact.swift; sourceTree = "<group>"; };
		BC35CFF9228F21A60043922D /* DetailViewController_Animal.swift */ = {isa = PBXFileReference; fileEncoding = 4; lastKnownFileType = sourcecode.swift; path = DetailViewController_Animal.swift; sourceTree = "<group>"; };
		BC35CFFE228F21B10043922D /* Default-568h@2x.png */ = {isa = PBXFileReference; lastKnownFileType = image.png; path = "Default-568h@2x.png"; sourceTree = "<group>"; };
		BC35D000228F21B80043922D /* IconInfo.rtf */ = {isa = PBXFileReference; fileEncoding = 4; lastKnownFileType = text.rtf; path = IconInfo.rtf; sourceTree = "<group>"; };
		BC66777A228F23B6003B45D3 /* GoogleService-Info.plist */ = {isa = PBXFileReference; fileEncoding = 4; lastKnownFileType = text.plist.xml; path = "GoogleService-Info.plist"; sourceTree = "<group>"; };
/* End PBXFileReference section */

/* Begin PBXFrameworksBuildPhase section */
		BC35CFCB228F211B0043922D /* Frameworks */ = {
			isa = PBXFrameworksBuildPhase;
			buildActionMask = 2147483647;
			files = (
				E40E323DCB5F7FADCA4FD832 /* Pods_BOBP.framework in Frameworks */,
			);
			runOnlyForDeploymentPostprocessing = 0;
		};
/* End PBXFrameworksBuildPhase section */

/* Begin PBXGroup section */
		043B585310801EF3605922B6 /* Frameworks */ = {
			isa = PBXGroup;
			children = (
				5F05BBD01997D347314036EF /* Pods_BOBP.framework */,
			);
			name = Frameworks;
			sourceTree = "<group>";
		};
		B9EF3392B28FF3B59D60A61A /* Pods */ = {
			isa = PBXGroup;
			children = (
				88908C3C5576E9C89BEC0B20 /* Pods-BOBP.debug.xcconfig */,
				1CDD992FC3CDB5E96E61994C /* Pods-BOBP.release.xcconfig */,
			);
			name = Pods;
			path = Pods;
			sourceTree = "<group>";
		};
		BC35CFC5228F211B0043922D = {
			isa = PBXGroup;
			children = (
				BC35CFD0228F211B0043922D /* BOBP */,
				BC35CFCF228F211B0043922D /* Products */,
				B9EF3392B28FF3B59D60A61A /* Pods */,
				043B585310801EF3605922B6 /* Frameworks */,
			);
			sourceTree = "<group>";
		};
		BC35CFCF228F211B0043922D /* Products */ = {
			isa = PBXGroup;
			children = (
				BC35CFCE228F211B0043922D /* BOBP.app */,
			);
			name = Products;
			sourceTree = "<group>";
		};
		BC35CFD0228F211B0043922D /* BOBP */ = {
			isa = PBXGroup;
			children = (
				BC35CFFE228F21B10043922D /* Default-568h@2x.png */,
				BC35D000228F21B80043922D /* IconInfo.rtf */,
				BC35CFD1228F211B0043922D /* AppDelegate.swift */,
				BC35CFE7228F21630043922D /* Assets.xcassets */,
				BC66777A228F23B6003B45D3 /* GoogleService-Info.plist */,
				BC35CFDD228F211D0043922D /* Info.plist */,
				BC35CFED228F21860043922D /* Classes - Entities */,
				BC35D004228F21FB0043922D /* Classes - Text Fields */,
				BC35D003228F21DA0043922D /* Classes - Table View Cells */,
				BC35D002228F21BF0043922D /* Classes - Table View Controllers */,
				BC35CFE4228F214C0043922D /* Main.storyboard */,
				BC35CFE3228F214C0043922D /* Splash.storyboard */,
			);
			path = BOBP;
			sourceTree = "<group>";
		};
		BC35CFED228F21860043922D /* Classes - Entities */ = {
			isa = PBXGroup;
			children = (
				BC35CFE9228F21810043922D /* Animal.swift */,
				BC35CFEA228F21810043922D /* Contact.swift */,
			);
			path = "Classes - Entities";
			sourceTree = "<group>";
		};
		BC35D002228F21BF0043922D /* Classes - Table View Controllers */ = {
			isa = PBXGroup;
			children = (
				BC35CFF7228F21A50043922D /* TableViewController_Animal.swift */,
				BC35CFF8228F21A50043922D /* TableViewController_Contact.swift */,
				BC35CFF9228F21A60043922D /* DetailViewController_Animal.swift */,
				BC35CFF6228F21A50043922D /* DetailViewController_Contact.swift */,
			);
			path = "Classes - Table View Controllers";
			sourceTree = "<group>";
		};
		BC35D003228F21DA0043922D /* Classes - Table View Cells */ = {
			isa = PBXGroup;
			children = (
				BC35CFEE228F21970043922D /* TableViewCell_Animal.swift */,
				BC35CFEF228F21980043922D /* TableViewCell_Contact.swift */,
			);
			path = "Classes - Table View Cells";
			sourceTree = "<group>";
		};
		BC35D004228F21FB0043922D /* Classes - Text Fields */ = {
			isa = PBXGroup;
			children = (
				BC35CFF2228F219E0043922D /* TextField_Date.swift */,
				BC35CFF3228F219E0043922D /* TextField_Time.swift */,
			);
			path = "Classes - Text Fields";
			sourceTree = "<group>";
		};
/* End PBXGroup section */

/* Begin PBXNativeTarget section */
		BC35CFCD228F211B0043922D /* BOBP */ = {
			isa = PBXNativeTarget;
			buildConfigurationList = BC35CFE0228F211D0043922D /* Build configuration list for PBXNativeTarget "BOBP" */;
			buildPhases = (
				E662AA4D7376A55805F28F46 /* [CP] Check Pods Manifest.lock */,
				BC35CFCA228F211B0043922D /* Sources */,
				BC35CFCB228F211B0043922D /* Frameworks */,
				BC35CFCC228F211B0043922D /* Resources */,
				D4A3EAC731DEE9D613C312FE /* [CP] Embed Pods Frameworks */,
			);
			buildRules = (
			);
			dependencies = (
			);
			name = BOBP;
			productName = BOBP;
			productReference = BC35CFCE228F211B0043922D /* BOBP.app */;
			productType = "com.apple.product-type.application";
		};
/* End PBXNativeTarget section */

/* Begin PBXProject section */
		BC35CFC6228F211B0043922D /* Project object */ = {
			isa = PBXProject;
			attributes = {
				LastSwiftUpdateCheck = 1020;
				LastUpgradeCheck = 1020;
				ORGANIZATIONNAME = "Warren O'Brien";
				TargetAttributes = {
					BC35CFCD228F211B0043922D = {
						CreatedOnToolsVersion = 10.2.1;
					};
				};
			};
			buildConfigurationList = BC35CFC9228F211B0043922D /* Build configuration list for PBXProject "BOBP" */;
			compatibilityVersion = "Xcode 9.3";
			developmentRegion = en;
			hasScannedForEncodings = 0;
			knownRegions = (
				en,
				Base,
			);
			mainGroup = BC35CFC5228F211B0043922D;
			productRefGroup = BC35CFCF228F211B0043922D /* Products */;
			projectDirPath = "";
			projectRoot = "";
			targets = (
				BC35CFCD228F211B0043922D /* BOBP */,
			);
		};
/* End PBXProject section */

/* Begin PBXResourcesBuildPhase section */
		BC35CFCC228F211B0043922D /* Resources */ = {
			isa = PBXResourcesBuildPhase;
			buildActionMask = 2147483647;
			files = (
				BC35CFE6228F214C0043922D /* Main.storyboard in Resources */,
				BC35CFFF228F21B10043922D /* Default-568h@2x.png in Resources */,
				BC35CFE8228F21630043922D /* Assets.xcassets in Resources */,
				BC35CFE5228F214C0043922D /* Splash.storyboard in Resources */,
				BC35D001228F21B90043922D /* IconInfo.rtf in Resources */,
				BC66777B228F23B6003B45D3 /* GoogleService-Info.plist in Resources */,
			);
			runOnlyForDeploymentPostprocessing = 0;
		};
/* End PBXResourcesBuildPhase section */

/* Begin PBXShellScriptBuildPhase section */
		D4A3EAC731DEE9D613C312FE /* [CP] Embed Pods Frameworks */ = {
			isa = PBXShellScriptBuildPhase;
			buildActionMask = 2147483647;
			files = (
			);
			inputFileListPaths = (
			);
			inputPaths = (
				"${PODS_ROOT}/Target Support Files/Pods-BOBP/Pods-BOBP-frameworks.sh",
				"${BUILT_PRODUCTS_DIR}/GoogleUtilities/GoogleUtilities.framework",
				"${BUILT_PRODUCTS_DIR}/nanopb/nanopb.framework",
			);
			name = "[CP] Embed Pods Frameworks";
			outputFileListPaths = (
			);
			outputPaths = (
				"${TARGET_BUILD_DIR}/${FRAMEWORKS_FOLDER_PATH}/GoogleUtilities.framework",
				"${TARGET_BUILD_DIR}/${FRAMEWORKS_FOLDER_PATH}/nanopb.framework",
			);
			runOnlyForDeploymentPostprocessing = 0;
			shellPath = /bin/sh;
			shellScript = "\"${PODS_ROOT}/Target Support Files/Pods-BOBP/Pods-BOBP-frameworks.sh\"\n";
			showEnvVarsInLog = 0;
		};
		E662AA4D7376A55805F28F46 /* [CP] Check Pods Manifest.lock */ = {
			isa = PBXShellScriptBuildPhase;
			buildActionMask = 2147483647;
			files = (
			);
			inputFileListPaths = (
			);
			inputPaths = (
				"${PODS_PODFILE_DIR_PATH}/Podfile.lock",
				"${PODS_ROOT}/Manifest.lock",
			);
			name = "[CP] Check Pods Manifest.lock";
			outputFileListPaths = (
			);
			outputPaths = (
				"$(DERIVED_FILE_DIR)/Pods-BOBP-checkManifestLockResult.txt",
			);
			runOnlyForDeploymentPostprocessing = 0;
			shellPath = /bin/sh;
			shellScript = "diff \"${PODS_PODFILE_DIR_PATH}/Podfile.lock\" \"${PODS_ROOT}/Manifest.lock\" > /dev/null\nif [ $? != 0 ] ; then\n    # print error to STDERR\n    echo \"error: The sandbox is not in sync with the Podfile.lock. Run 'pod install' or update your CocoaPods installation.\" >&2\n    exit 1\nfi\n# This output is used by Xcode 'outputs' to avoid re-running this script phase.\necho \"SUCCESS\" > \"${SCRIPT_OUTPUT_FILE_0}\"\n";
			showEnvVarsInLog = 0;
		};
/* End PBXShellScriptBuildPhase section */

/* Begin PBXSourcesBuildPhase section */
		BC35CFCA228F211B0043922D /* Sources */ = {
			isa = PBXSourcesBuildPhase;
			buildActionMask = 2147483647;
			files = (
				BC35CFF1228F21980043922D /* TableViewCell_Contact.swift in Sources */,
				BC35CFFD228F21A60043922D /* DetailViewController_Animal.swift in Sources */,
				BC35CFEC228F21810043922D /* Contact.swift in Sources */,
				BC35CFFC228F21A60043922D /* TableViewController_Contact.swift in Sources */,
				BC35CFFA228F21A60043922D /* DetailViewController_Contact.swift in Sources */,
				BC35CFF5228F219E0043922D /* TextField_Time.swift in Sources */,
				BC35CFF0228F21980043922D /* TableViewCell_Animal.swift in Sources */,
				BC35CFFB228F21A60043922D /* TableViewController_Animal.swift in Sources */,
				BC35CFD2228F211B0043922D /* AppDelegate.swift in Sources */,
				BC35CFEB228F21810043922D /* Animal.swift in Sources */,
				BC35CFF4228F219E0043922D /* TextField_Date.swift in Sources */,
			);
			runOnlyForDeploymentPostprocessing = 0;
		};
/* End PBXSourcesBuildPhase section */

/* Begin XCBuildConfiguration section */
		BC35CFDE228F211D0043922D /* Debug */ = {
			isa = XCBuildConfiguration;
			buildSettings = {
				ALWAYS_SEARCH_USER_PATHS = NO;
				CLANG_ANALYZER_NONNULL = YES;
				CLANG_ANALYZER_NUMBER_OBJECT_CONVERSION = YES_AGGRESSIVE;
				CLANG_CXX_LANGUAGE_STANDARD = "gnu++14";
				CLANG_CXX_LIBRARY = "libc++";
				CLANG_ENABLE_MODULES = YES;
				CLANG_ENABLE_OBJC_ARC = YES;
				CLANG_ENABLE_OBJC_WEAK = YES;
				CLANG_WARN_BLOCK_CAPTURE_AUTORELEASING = YES;
				CLANG_WARN_BOOL_CONVERSION = YES;
				CLANG_WARN_COMMA = YES;
				CLANG_WARN_CONSTANT_CONVERSION = YES;
				CLANG_WARN_DEPRECATED_OBJC_IMPLEMENTATIONS = YES;
				CLANG_WARN_DIRECT_OBJC_ISA_USAGE = YES_ERROR;
				CLANG_WARN_DOCUMENTATION_COMMENTS = YES;
				CLANG_WARN_EMPTY_BODY = YES;
				CLANG_WARN_ENUM_CONVERSION = YES;
				CLANG_WARN_INFINITE_RECURSION = YES;
				CLANG_WARN_INT_CONVERSION = YES;
				CLANG_WARN_NON_LITERAL_NULL_CONVERSION = YES;
				CLANG_WARN_OBJC_IMPLICIT_RETAIN_SELF = YES;
				CLANG_WARN_OBJC_LITERAL_CONVERSION = YES;
				CLANG_WARN_OBJC_ROOT_CLASS = YES_ERROR;
				CLANG_WARN_RANGE_LOOP_ANALYSIS = YES;
				CLANG_WARN_STRICT_PROTOTYPES = YES;
				CLANG_WARN_SUSPICIOUS_MOVE = YES;
				CLANG_WARN_UNGUARDED_AVAILABILITY = YES_AGGRESSIVE;
				CLANG_WARN_UNREACHABLE_CODE = YES;
				CLANG_WARN__DUPLICATE_METHOD_MATCH = YES;
				CODE_SIGN_IDENTITY = "iPhone Developer";
				COPY_PHASE_STRIP = NO;
				DEBUG_INFORMATION_FORMAT = dwarf;
				ENABLE_STRICT_OBJC_MSGSEND = YES;
				ENABLE_TESTABILITY = YES;
				GCC_C_LANGUAGE_STANDARD = gnu11;
				GCC_DYNAMIC_NO_PIC = NO;
				GCC_NO_COMMON_BLOCKS = YES;
				GCC_OPTIMIZATION_LEVEL = 0;
				GCC_PREPROCESSOR_DEFINITIONS = (
					"DEBUG=1",
					"$(inherited)",
				);
				GCC_WARN_64_TO_32_BIT_CONVERSION = YES;
				GCC_WARN_ABOUT_RETURN_TYPE = YES_ERROR;
				GCC_WARN_UNDECLARED_SELECTOR = YES;
				GCC_WARN_UNINITIALIZED_AUTOS = YES_AGGRESSIVE;
				GCC_WARN_UNUSED_FUNCTION = YES;
				GCC_WARN_UNUSED_VARIABLE = YES;
				IPHONEOS_DEPLOYMENT_TARGET = 12.2;
				MTL_ENABLE_DEBUG_INFO = INCLUDE_SOURCE;
				MTL_FAST_MATH = YES;
				ONLY_ACTIVE_ARCH = YES;
				SDKROOT = iphoneos;
				SWIFT_ACTIVE_COMPILATION_CONDITIONS = DEBUG;
				SWIFT_OPTIMIZATION_LEVEL = "-Onone";
			};
			name = Debug;
		};
		BC35CFDF228F211D0043922D /* Release */ = {
			isa = XCBuildConfiguration;
			buildSettings = {
				ALWAYS_SEARCH_USER_PATHS = NO;
				CLANG_ANALYZER_NONNULL = YES;
				CLANG_ANALYZER_NUMBER_OBJECT_CONVERSION = YES_AGGRESSIVE;
				CLANG_CXX_LANGUAGE_STANDARD = "gnu++14";
				CLANG_CXX_LIBRARY = "libc++";
				CLANG_ENABLE_MODULES = YES;
				CLANG_ENABLE_OBJC_ARC = YES;
				CLANG_ENABLE_OBJC_WEAK = YES;
				CLANG_WARN_BLOCK_CAPTURE_AUTORELEASING = YES;
				CLANG_WARN_BOOL_CONVERSION = YES;
				CLANG_WARN_COMMA = YES;
				CLANG_WARN_CONSTANT_CONVERSION = YES;
				CLANG_WARN_DEPRECATED_OBJC_IMPLEMENTATIONS = YES;
				CLANG_WARN_DIRECT_OBJC_ISA_USAGE = YES_ERROR;
				CLANG_WARN_DOCUMENTATION_COMMENTS = YES;
				CLANG_WARN_EMPTY_BODY = YES;
				CLANG_WARN_ENUM_CONVERSION = YES;
				CLANG_WARN_INFINITE_RECURSION = YES;
				CLANG_WARN_INT_CONVERSION = YES;
				CLANG_WARN_NON_LITERAL_NULL_CONVERSION = YES;
				CLANG_WARN_OBJC_IMPLICIT_RETAIN_SELF = YES;
				CLANG_WARN_OBJC_LITERAL_CONVERSION = YES;
				CLANG_WARN_OBJC_ROOT_CLASS = YES_ERROR;
				CLANG_WARN_RANGE_LOOP_ANALYSIS = YES;
				CLANG_WARN_STRICT_PROTOTYPES = YES;
				CLANG_WARN_SUSPICIOUS_MOVE = YES;
				CLANG_WARN_UNGUARDED_AVAILABILITY = YES_AGGRESSIVE;
				CLANG_WARN_UNREACHABLE_CODE = YES;
				CLANG_WARN__DUPLICATE_METHOD_MATCH = YES;
				CODE_SIGN_IDENTITY = "iPhone Developer";
				COPY_PHASE_STRIP = NO;
				DEBUG_INFORMATION_FORMAT = "dwarf-with-dsym";
				ENABLE_NS_ASSERTIONS = NO;
				ENABLE_STRICT_OBJC_MSGSEND = YES;
				GCC_C_LANGUAGE_STANDARD = gnu11;
				GCC_NO_COMMON_BLOCKS = YES;
				GCC_WARN_64_TO_32_BIT_CONVERSION = YES;
				GCC_WARN_ABOUT_RETURN_TYPE = YES_ERROR;
				GCC_WARN_UNDECLARED_SELECTOR = YES;
				GCC_WARN_UNINITIALIZED_AUTOS = YES_AGGRESSIVE;
				GCC_WARN_UNUSED_FUNCTION = YES;
				GCC_WARN_UNUSED_VARIABLE = YES;
				IPHONEOS_DEPLOYMENT_TARGET = 12.2;
				MTL_ENABLE_DEBUG_INFO = NO;
				MTL_FAST_MATH = YES;
				SDKROOT = iphoneos;
				SWIFT_COMPILATION_MODE = wholemodule;
				SWIFT_OPTIMIZATION_LEVEL = "-O";
				VALIDATE_PRODUCT = YES;
			};
			name = Release;
		};
		BC35CFE1228F211D0043922D /* Debug */ = {
			isa = XCBuildConfiguration;
			baseConfigurationReference = 88908C3C5576E9C89BEC0B20 /* Pods-BOBP.debug.xcconfig */;
			buildSettings = {
				ASSETCATALOG_COMPILER_APPICON_NAME = AppIcon;
				CODE_SIGN_STYLE = Automatic;
				DEVELOPMENT_TEAM = A37RLRWD44;
				INFOPLIST_FILE = BOBP/Info.plist;
				LD_RUNPATH_SEARCH_PATHS = (
					"$(inherited)",
					"@executable_path/Frameworks",
				);
				PRODUCT_BUNDLE_IDENTIFIER = OBSS.BOBP;
				PRODUCT_NAME = "$(TARGET_NAME)";
				SWIFT_VERSION = 5.0;
				TARGETED_DEVICE_FAMILY = "1,2";
			};
			name = Debug;
		};
		BC35CFE2228F211D0043922D /* Release */ = {
			isa = XCBuildConfiguration;
			baseConfigurationReference = 1CDD992FC3CDB5E96E61994C /* Pods-BOBP.release.xcconfig */;
			buildSettings = {
				ASSETCATALOG_COMPILER_APPICON_NAME = AppIcon;
				CODE_SIGN_STYLE = Automatic;
				DEVELOPMENT_TEAM = A37RLRWD44;
				INFOPLIST_FILE = BOBP/Info.plist;
				LD_RUNPATH_SEARCH_PATHS = (
					"$(inherited)",
					"@executable_path/Frameworks",
				);
				PRODUCT_BUNDLE_IDENTIFIER = OBSS.BOBP;
				PRODUCT_NAME = "$(TARGET_NAME)";
				SWIFT_VERSION = 5.0;
				TARGETED_DEVICE_FAMILY = "1,2";
			};
			name = Release;
		};
/* End XCBuildConfiguration section */

/* Begin XCConfigurationList section */
		BC35CFC9228F211B0043922D /* Build configuration list for PBXProject "BOBP" */ = {
			isa = XCConfigurationList;
			buildConfigurations = (
				BC35CFDE228F211D0043922D /* Debug */,
				BC35CFDF228F211D0043922D /* Release */,
			);
			defaultConfigurationIsVisible = 0;
			defaultConfigurationName = Release;
		};
		BC35CFE0228F211D0043922D /* Build configuration list for PBXNativeTarget "BOBP" */ = {
			isa = XCConfigurationList;
			buildConfigurations = (
				BC35CFE1228F211D0043922D /* Debug */,
				BC35CFE2228F211D0043922D /* Release */,
			);
			defaultConfigurationIsVisible = 0;
			defaultConfigurationName = Release;
		};
/* End XCConfigurationList section */
	};
	rootObject = BC35CFC6228F211B0043922D /* Project object */;
}
